// !$*UTF8*$!
{
	archiveVersion = 1;
	classes = {
	};
	objectVersion = 56;
	objects = {

/* Begin PBXBuildFile section */
		1763929F29BD34A1000CC5EB /* AppDelegate.swift in Sources */ = {isa = PBXBuildFile; fileRef = 1763929E29BD34A1000CC5EB /* AppDelegate.swift */; };
		176392A129BD34A1000CC5EB /* SceneDelegate.swift in Sources */ = {isa = PBXBuildFile; fileRef = 176392A029BD34A1000CC5EB /* SceneDelegate.swift */; };
		176392A829BD34A2000CC5EB /* Assets.xcassets in Resources */ = {isa = PBXBuildFile; fileRef = 176392A729BD34A2000CC5EB /* Assets.xcassets */; };
		176392AB29BD34A2000CC5EB /* LaunchScreen.storyboard in Resources */ = {isa = PBXBuildFile; fileRef = 176392A929BD34A2000CC5EB /* LaunchScreen.storyboard */; };
		1783B6CE29BD35900011CB64 /* MainRouter.swift in Sources */ = {isa = PBXBuildFile; fileRef = 1783B6CD29BD35900011CB64 /* MainRouter.swift */; };
		1783B70F29BD380C0011CB64 /* JTransactionsTests.swift in Sources */ = {isa = PBXBuildFile; fileRef = 1783B70E29BD380C0011CB64 /* JTransactionsTests.swift */; };
/* End PBXBuildFile section */

/* Begin PBXContainerItemProxy section */
		176392B229BD34A2000CC5EB /* PBXContainerItemProxy */ = {
			isa = PBXContainerItemProxy;
			containerPortal = 1763929329BD34A1000CC5EB /* Project object */;
			proxyType = 1;
			remoteGlobalIDString = 1763929A29BD34A1000CC5EB;
			remoteInfo = JTransactions;
		};
/* End PBXContainerItemProxy section */

/* Begin PBXFileReference section */
		1763929B29BD34A1000CC5EB /* JTransactions.app */ = {isa = PBXFileReference; explicitFileType = wrapper.application; includeInIndex = 0; path = JTransactions.app; sourceTree = BUILT_PRODUCTS_DIR; };
		1763929E29BD34A1000CC5EB /* AppDelegate.swift */ = {isa = PBXFileReference; lastKnownFileType = sourcecode.swift; path = AppDelegate.swift; sourceTree = "<group>"; };
		176392A029BD34A1000CC5EB /* SceneDelegate.swift */ = {isa = PBXFileReference; lastKnownFileType = sourcecode.swift; path = SceneDelegate.swift; sourceTree = "<group>"; };
		176392A729BD34A2000CC5EB /* Assets.xcassets */ = {isa = PBXFileReference; lastKnownFileType = folder.assetcatalog; path = Assets.xcassets; sourceTree = "<group>"; };
		176392AA29BD34A2000CC5EB /* Base */ = {isa = PBXFileReference; lastKnownFileType = file.storyboard; name = Base; path = Base.lproj/LaunchScreen.storyboard; sourceTree = "<group>"; };
		176392AC29BD34A2000CC5EB /* Info.plist */ = {isa = PBXFileReference; lastKnownFileType = text.plist.xml; path = Info.plist; sourceTree = "<group>"; };
		176392B129BD34A2000CC5EB /* JTransactionsTests.xctest */ = {isa = PBXFileReference; explicitFileType = wrapper.cfbundle; includeInIndex = 0; path = JTransactionsTests.xctest; sourceTree = BUILT_PRODUCTS_DIR; };
		1783B6CD29BD35900011CB64 /* MainRouter.swift */ = {isa = PBXFileReference; lastKnownFileType = sourcecode.swift; path = MainRouter.swift; sourceTree = "<group>"; };
		1783B70E29BD380C0011CB64 /* JTransactionsTests.swift */ = {isa = PBXFileReference; lastKnownFileType = sourcecode.swift; path = JTransactionsTests.swift; sourceTree = "<group>"; };
/* End PBXFileReference section */

/* Begin PBXFrameworksBuildPhase section */
		1763929829BD34A1000CC5EB /* Frameworks */ = {
			isa = PBXFrameworksBuildPhase;
			buildActionMask = 2147483647;
			files = (
			);
			runOnlyForDeploymentPostprocessing = 0;
		};
		176392AE29BD34A2000CC5EB /* Frameworks */ = {
			isa = PBXFrameworksBuildPhase;
			buildActionMask = 2147483647;
			files = (
			);
			runOnlyForDeploymentPostprocessing = 0;
		};
/* End PBXFrameworksBuildPhase section */

/* Begin PBXGroup section */
		1763929229BD34A1000CC5EB = {
			isa = PBXGroup;
			children = (
				1763929D29BD34A1000CC5EB /* JTransactions */,
				1783B6D129BD37970011CB64 /* JTransactionsTests */,
				1763929C29BD34A1000CC5EB /* Products */,
			);
			sourceTree = "<group>";
		};
		1763929C29BD34A1000CC5EB /* Products */ = {
			isa = PBXGroup;
			children = (
				1763929B29BD34A1000CC5EB /* JTransactions.app */,
				176392B129BD34A2000CC5EB /* JTransactionsTests.xctest */,
			);
			name = Products;
			sourceTree = "<group>";
		};
		1763929D29BD34A1000CC5EB /* JTransactions */ = {
			isa = PBXGroup;
			children = (
				1783B6CF29BD36080011CB64 /* Base */,
				1783B6D029BD36EE0011CB64 /* Resources */,
			);
			path = JTransactions;
			sourceTree = "<group>";
		};
		1783B6CF29BD36080011CB64 /* Base */ = {
			isa = PBXGroup;
			children = (
				1763929E29BD34A1000CC5EB /* AppDelegate.swift */,
				176392A029BD34A1000CC5EB /* SceneDelegate.swift */,
				1783B6CD29BD35900011CB64 /* MainRouter.swift */,
			);
			path = Base;
			sourceTree = "<group>";
		};
		1783B6D029BD36EE0011CB64 /* Resources */ = {
			isa = PBXGroup;
			children = (
				176392A729BD34A2000CC5EB /* Assets.xcassets */,
				176392A929BD34A2000CC5EB /* LaunchScreen.storyboard */,
				176392AC29BD34A2000CC5EB /* Info.plist */,
			);
			path = Resources;
			sourceTree = "<group>";
		};
		1783B6D129BD37970011CB64 /* JTransactionsTests */ = {
			isa = PBXGroup;
			children = (
				1783B70E29BD380C0011CB64 /* JTransactionsTests.swift */,
			);
			path = JTransactionsTests;
			sourceTree = "<group>";
		};
/* End PBXGroup section */

/* Begin PBXNativeTarget section */
		1763929A29BD34A1000CC5EB /* JTransactions */ = {
			isa = PBXNativeTarget;
			buildConfigurationList = 176392C529BD34A2000CC5EB /* Build configuration list for PBXNativeTarget "JTransactions" */;
			buildPhases = (
				1763929729BD34A1000CC5EB /* Sources */,
				1763929829BD34A1000CC5EB /* Frameworks */,
				1763929929BD34A1000CC5EB /* Resources */,
			);
			buildRules = (
			);
			dependencies = (
			);
			name = JTransactions;
			productName = JTransactions;
			productReference = 1763929B29BD34A1000CC5EB /* JTransactions.app */;
			productType = "com.apple.product-type.application";
		};
		176392B029BD34A2000CC5EB /* JTransactionsTests */ = {
			isa = PBXNativeTarget;
			buildConfigurationList = 176392C829BD34A2000CC5EB /* Build configuration list for PBXNativeTarget "JTransactionsTests" */;
			buildPhases = (
				176392AD29BD34A2000CC5EB /* Sources */,
				176392AE29BD34A2000CC5EB /* Frameworks */,
				176392AF29BD34A2000CC5EB /* Resources */,
			);
			buildRules = (
			);
			dependencies = (
				176392B329BD34A2000CC5EB /* PBXTargetDependency */,
			);
			name = JTransactionsTests;
			productName = JTransactionsTests;
			productReference = 176392B129BD34A2000CC5EB /* JTransactionsTests.xctest */;
			productType = "com.apple.product-type.bundle.unit-test";
		};
/* End PBXNativeTarget section */

/* Begin PBXProject section */
		1763929329BD34A1000CC5EB /* Project object */ = {
			isa = PBXProject;
			attributes = {
				BuildIndependentTargetsInParallel = 1;
				LastSwiftUpdateCheck = 1410;
				LastUpgradeCheck = 1410;
				TargetAttributes = {
					1763929A29BD34A1000CC5EB = {
						CreatedOnToolsVersion = 14.1;
					};
					176392B029BD34A2000CC5EB = {
						CreatedOnToolsVersion = 14.1;
						LastSwiftMigration = 1410;
						TestTargetID = 1763929A29BD34A1000CC5EB;
					};
				};
			};
			buildConfigurationList = 1763929629BD34A1000CC5EB /* Build configuration list for PBXProject "JTransactions" */;
			compatibilityVersion = "Xcode 14.0";
			developmentRegion = en;
			hasScannedForEncodings = 0;
			knownRegions = (
				en,
				Base,
			);
			mainGroup = 1763929229BD34A1000CC5EB;
			productRefGroup = 1763929C29BD34A1000CC5EB /* Products */;
			projectDirPath = "";
			projectRoot = "";
			targets = (
				1763929A29BD34A1000CC5EB /* JTransactions */,
				176392B029BD34A2000CC5EB /* JTransactionsTests */,
			);
		};
/* End PBXProject section */

/* Begin PBXResourcesBuildPhase section */
		1763929929BD34A1000CC5EB /* Resources */ = {
			isa = PBXResourcesBuildPhase;
			buildActionMask = 2147483647;
			files = (
				176392AB29BD34A2000CC5EB /* LaunchScreen.storyboard in Resources */,
				176392A829BD34A2000CC5EB /* Assets.xcassets in Resources */,
			);
			runOnlyForDeploymentPostprocessing = 0;
		};
		176392AF29BD34A2000CC5EB /* Resources */ = {
			isa = PBXResourcesBuildPhase;
			buildActionMask = 2147483647;
			files = (
			);
			runOnlyForDeploymentPostprocessing = 0;
		};
/* End PBXResourcesBuildPhase section */

/* Begin PBXSourcesBuildPhase section */
		1763929729BD34A1000CC5EB /* Sources */ = {
			isa = PBXSourcesBuildPhase;
			buildActionMask = 2147483647;
			files = (
				1783B6CE29BD35900011CB64 /* MainRouter.swift in Sources */,
				1763929F29BD34A1000CC5EB /* AppDelegate.swift in Sources */,
				176392A129BD34A1000CC5EB /* SceneDelegate.swift in Sources */,
			);
			runOnlyForDeploymentPostprocessing = 0;
		};
		176392AD29BD34A2000CC5EB /* Sources */ = {
			isa = PBXSourcesBuildPhase;
			buildActionMask = 2147483647;
			files = (
				1783B70F29BD380C0011CB64 /* JTransactionsTests.swift in Sources */,
			);
			runOnlyForDeploymentPostprocessing = 0;
		};
/* End PBXSourcesBuildPhase section */

/* Begin PBXTargetDependency section */
		176392B329BD34A2000CC5EB /* PBXTargetDependency */ = {
			isa = PBXTargetDependency;
			target = 1763929A29BD34A1000CC5EB /* JTransactions */;
			targetProxy = 176392B229BD34A2000CC5EB /* PBXContainerItemProxy */;
		};
/* End PBXTargetDependency section */

/* Begin PBXVariantGroup section */
		176392A929BD34A2000CC5EB /* LaunchScreen.storyboard */ = {
			isa = PBXVariantGroup;
			children = (
				176392AA29BD34A2000CC5EB /* Base */,
			);
			name = LaunchScreen.storyboard;
			sourceTree = "<group>";
		};
/* End PBXVariantGroup section */

/* Begin XCBuildConfiguration section */
		176392C329BD34A2000CC5EB /* Debug */ = {
			isa = XCBuildConfiguration;
			buildSettings = {
				ALWAYS_SEARCH_USER_PATHS = NO;
				CLANG_ANALYZER_NONNULL = YES;
				CLANG_ANALYZER_NUMBER_OBJECT_CONVERSION = YES_AGGRESSIVE;
				CLANG_CXX_LANGUAGE_STANDARD = "gnu++20";
				CLANG_ENABLE_MODULES = YES;
				CLANG_ENABLE_OBJC_ARC = YES;
				CLANG_ENABLE_OBJC_WEAK = YES;
				CLANG_WARN_BLOCK_CAPTURE_AUTORELEASING = YES;
				CLANG_WARN_BOOL_CONVERSION = YES;
				CLANG_WARN_COMMA = YES;
				CLANG_WARN_CONSTANT_CONVERSION = YES;
				CLANG_WARN_DEPRECATED_OBJC_IMPLEMENTATIONS = YES;
				CLANG_WARN_DIRECT_OBJC_ISA_USAGE = YES_ERROR;
				CLANG_WARN_DOCUMENTATION_COMMENTS = YES;
				CLANG_WARN_EMPTY_BODY = YES;
				CLANG_WARN_ENUM_CONVERSION = YES;
				CLANG_WARN_INFINITE_RECURSION = YES;
				CLANG_WARN_INT_CONVERSION = YES;
				CLANG_WARN_NON_LITERAL_NULL_CONVERSION = YES;
				CLANG_WARN_OBJC_IMPLICIT_RETAIN_SELF = YES;
				CLANG_WARN_OBJC_LITERAL_CONVERSION = YES;
				CLANG_WARN_OBJC_ROOT_CLASS = YES_ERROR;
				CLANG_WARN_QUOTED_INCLUDE_IN_FRAMEWORK_HEADER = YES;
				CLANG_WARN_RANGE_LOOP_ANALYSIS = YES;
				CLANG_WARN_STRICT_PROTOTYPES = YES;
				CLANG_WARN_SUSPICIOUS_MOVE = YES;
				CLANG_WARN_UNGUARDED_AVAILABILITY = YES_AGGRESSIVE;
				CLANG_WARN_UNREACHABLE_CODE = YES;
				CLANG_WARN__DUPLICATE_METHOD_MATCH = YES;
				COPY_PHASE_STRIP = NO;
				DEBUG_INFORMATION_FORMAT = dwarf;
				ENABLE_STRICT_OBJC_MSGSEND = YES;
				ENABLE_TESTABILITY = YES;
				GCC_C_LANGUAGE_STANDARD = gnu11;
				GCC_DYNAMIC_NO_PIC = NO;
				GCC_NO_COMMON_BLOCKS = YES;
				GCC_OPTIMIZATION_LEVEL = 0;
				GCC_PREPROCESSOR_DEFINITIONS = (
					"DEBUG=1",
					"$(inherited)",
				);
				GCC_WARN_64_TO_32_BIT_CONVERSION = YES;
				GCC_WARN_ABOUT_RETURN_TYPE = YES_ERROR;
				GCC_WARN_UNDECLARED_SELECTOR = YES;
				GCC_WARN_UNINITIALIZED_AUTOS = YES_AGGRESSIVE;
				GCC_WARN_UNUSED_FUNCTION = YES;
				GCC_WARN_UNUSED_VARIABLE = YES;
				IPHONEOS_DEPLOYMENT_TARGET = 16.1;
				MTL_ENABLE_DEBUG_INFO = INCLUDE_SOURCE;
				MTL_FAST_MATH = YES;
				ONLY_ACTIVE_ARCH = YES;
				SDKROOT = iphoneos;
				SWIFT_ACTIVE_COMPILATION_CONDITIONS = DEBUG;
				SWIFT_OPTIMIZATION_LEVEL = "-Onone";
			};
			name = Debug;
		};
		176392C429BD34A2000CC5EB /* Release */ = {
			isa = XCBuildConfiguration;
			buildSettings = {
				ALWAYS_SEARCH_USER_PATHS = NO;
				CLANG_ANALYZER_NONNULL = YES;
				CLANG_ANALYZER_NUMBER_OBJECT_CONVERSION = YES_AGGRESSIVE;
				CLANG_CXX_LANGUAGE_STANDARD = "gnu++20";
				CLANG_ENABLE_MODULES = YES;
				CLANG_ENABLE_OBJC_ARC = YES;
				CLANG_ENABLE_OBJC_WEAK = YES;
				CLANG_WARN_BLOCK_CAPTURE_AUTORELEASING = YES;
				CLANG_WARN_BOOL_CONVERSION = YES;
				CLANG_WARN_COMMA = YES;
				CLANG_WARN_CONSTANT_CONVERSION = YES;
				CLANG_WARN_DEPRECATED_OBJC_IMPLEMENTATIONS = YES;
				CLANG_WARN_DIRECT_OBJC_ISA_USAGE = YES_ERROR;
				CLANG_WARN_DOCUMENTATION_COMMENTS = YES;
				CLANG_WARN_EMPTY_BODY = YES;
				CLANG_WARN_ENUM_CONVERSION = YES;
				CLANG_WARN_INFINITE_RECURSION = YES;
				CLANG_WARN_INT_CONVERSION = YES;
				CLANG_WARN_NON_LITERAL_NULL_CONVERSION = YES;
				CLANG_WARN_OBJC_IMPLICIT_RETAIN_SELF = YES;
				CLANG_WARN_OBJC_LITERAL_CONVERSION = YES;
				CLANG_WARN_OBJC_ROOT_CLASS = YES_ERROR;
				CLANG_WARN_QUOTED_INCLUDE_IN_FRAMEWORK_HEADER = YES;
				CLANG_WARN_RANGE_LOOP_ANALYSIS = YES;
				CLANG_WARN_STRICT_PROTOTYPES = YES;
				CLANG_WARN_SUSPICIOUS_MOVE = YES;
				CLANG_WARN_UNGUARDED_AVAILABILITY = YES_AGGRESSIVE;
				CLANG_WARN_UNREACHABLE_CODE = YES;
				CLANG_WARN__DUPLICATE_METHOD_MATCH = YES;
				COPY_PHASE_STRIP = NO;
				DEBUG_INFORMATION_FORMAT = "dwarf-with-dsym";
				ENABLE_NS_ASSERTIONS = NO;
				ENABLE_STRICT_OBJC_MSGSEND = YES;
				GCC_C_LANGUAGE_STANDARD = gnu11;
				GCC_NO_COMMON_BLOCKS = YES;
				GCC_WARN_64_TO_32_BIT_CONVERSION = YES;
				GCC_WARN_ABOUT_RETURN_TYPE = YES_ERROR;
				GCC_WARN_UNDECLARED_SELECTOR = YES;
				GCC_WARN_UNINITIALIZED_AUTOS = YES_AGGRESSIVE;
				GCC_WARN_UNUSED_FUNCTION = YES;
				GCC_WARN_UNUSED_VARIABLE = YES;
				IPHONEOS_DEPLOYMENT_TARGET = 16.1;
				MTL_ENABLE_DEBUG_INFO = NO;
				MTL_FAST_MATH = YES;
				SDKROOT = iphoneos;
				SWIFT_COMPILATION_MODE = wholemodule;
				SWIFT_OPTIMIZATION_LEVEL = "-O";
				VALIDATE_PRODUCT = YES;
			};
			name = Release;
		};
		176392C629BD34A2000CC5EB /* Debug */ = {
			isa = XCBuildConfiguration;
			buildSettings = {
				ASSETCATALOG_COMPILER_APPICON_NAME = AppIcon;
				ASSETCATALOG_COMPILER_GLOBAL_ACCENT_COLOR_NAME = AccentColor;
				CODE_SIGN_STYLE = Automatic;
				CURRENT_PROJECT_VERSION = 1;
				DEVELOPMENT_TEAM = 68F4V28A64;
				GENERATE_INFOPLIST_FILE = YES;
				INFOPLIST_FILE = JTransactions/Resources/Info.plist;
				INFOPLIST_KEY_UIApplicationSupportsIndirectInputEvents = YES;
				INFOPLIST_KEY_UILaunchStoryboardName = LaunchScreen;
				INFOPLIST_KEY_UISupportedInterfaceOrientations_iPad = "UIInterfaceOrientationPortrait UIInterfaceOrientationPortraitUpsideDown UIInterfaceOrientationLandscapeLeft UIInterfaceOrientationLandscapeRight";
				INFOPLIST_KEY_UISupportedInterfaceOrientations_iPhone = "UIInterfaceOrientationPortrait UIInterfaceOrientationLandscapeLeft UIInterfaceOrientationLandscapeRight";
				LD_RUNPATH_SEARCH_PATHS = (
					"$(inherited)",
					"@executable_path/Frameworks",
				);
				MARKETING_VERSION = 1.0;
				PRODUCT_BUNDLE_IDENTIFIER = JM.JTransactions;
				PRODUCT_NAME = "$(TARGET_NAME)";
				SUPPORTED_PLATFORMS = "iphoneos iphonesimulator";
				SUPPORTS_MACCATALYST = NO;
				SUPPORTS_MAC_DESIGNED_FOR_IPHONE_IPAD = YES;
				SWIFT_EMIT_LOC_STRINGS = YES;
				SWIFT_VERSION = 5.0;
				TARGETED_DEVICE_FAMILY = 1;
			};
			name = Debug;
		};
		176392C729BD34A2000CC5EB /* Release */ = {
			isa = XCBuildConfiguration;
			buildSettings = {
				ASSETCATALOG_COMPILER_APPICON_NAME = AppIcon;
				ASSETCATALOG_COMPILER_GLOBAL_ACCENT_COLOR_NAME = AccentColor;
				CODE_SIGN_STYLE = Automatic;
				CURRENT_PROJECT_VERSION = 1;
				DEVELOPMENT_TEAM = 68F4V28A64;
				GENERATE_INFOPLIST_FILE = YES;
				INFOPLIST_FILE = JTransactions/Resources/Info.plist;
				INFOPLIST_KEY_UIApplicationSupportsIndirectInputEvents = YES;
				INFOPLIST_KEY_UILaunchStoryboardName = LaunchScreen;
				INFOPLIST_KEY_UISupportedInterfaceOrientations_iPad = "UIInterfaceOrientationPortrait UIInterfaceOrientationPortraitUpsideDown UIInterfaceOrientationLandscapeLeft UIInterfaceOrientationLandscapeRight";
				INFOPLIST_KEY_UISupportedInterfaceOrientations_iPhone = "UIInterfaceOrientationPortrait UIInterfaceOrientationLandscapeLeft UIInterfaceOrientationLandscapeRight";
				LD_RUNPATH_SEARCH_PATHS = (
					"$(inherited)",
					"@executable_path/Frameworks",
				);
				MARKETING_VERSION = 1.0;
				PRODUCT_BUNDLE_IDENTIFIER = JM.JTransactions;
				PRODUCT_NAME = "$(TARGET_NAME)";
				SUPPORTED_PLATFORMS = "iphoneos iphonesimulator";
				SUPPORTS_MACCATALYST = NO;
				SUPPORTS_MAC_DESIGNED_FOR_IPHONE_IPAD = YES;
				SWIFT_EMIT_LOC_STRINGS = YES;
				SWIFT_VERSION = 5.0;
				TARGETED_DEVICE_FAMILY = 1;
			};
			name = Release;
		};
		176392C929BD34A2000CC5EB /* Debug */ = {
			isa = XCBuildConfiguration;
			buildSettings = {
				ALWAYS_EMBED_SWIFT_STANDARD_LIBRARIES = YES;
				BUNDLE_LOADER = "$(TEST_HOST)";
				CLANG_ENABLE_MODULES = YES;
				CODE_SIGN_STYLE = Automatic;
				CURRENT_PROJECT_VERSION = 1;
				GENERATE_INFOPLIST_FILE = YES;
				IPHONEOS_DEPLOYMENT_TARGET = 16.1;
				LD_RUNPATH_SEARCH_PATHS = (
					"$(inherited)",
					"@executable_path/Frameworks",
					"@loader_path/Frameworks",
				);
				MARKETING_VERSION = 1.0;
				PRODUCT_BUNDLE_IDENTIFIER = JM.JTransactionsTests;
				PRODUCT_NAME = "$(TARGET_NAME)";
				SWIFT_EMIT_LOC_STRINGS = NO;
				SWIFT_OPTIMIZATION_LEVEL = "-Onone";
				SWIFT_VERSION = 5.0;
				TARGETED_DEVICE_FAMILY = "1,2";
				TEST_HOST = "$(BUILT_PRODUCTS_DIR)/JTransactions.app/$(BUNDLE_EXECUTABLE_FOLDER_PATH)/JTransactions";
			};
			name = Debug;
		};
		176392CA29BD34A2000CC5EB /* Release */ = {
			isa = XCBuildConfiguration;
			buildSettings = {
				ALWAYS_EMBED_SWIFT_STANDARD_LIBRARIES = YES;
				BUNDLE_LOADER = "$(TEST_HOST)";
				CLANG_ENABLE_MODULES = YES;
				CODE_SIGN_STYLE = Automatic;
				CURRENT_PROJECT_VERSION = 1;
				GENERATE_INFOPLIST_FILE = YES;
				IPHONEOS_DEPLOYMENT_TARGET = 16.1;
				LD_RUNPATH_SEARCH_PATHS = (
					"$(inherited)",
					"@executable_path/Frameworks",
					"@loader_path/Frameworks",
				);
				MARKETING_VERSION = 1.0;
				PRODUCT_BUNDLE_IDENTIFIER = JM.JTransactionsTests;
				PRODUCT_NAME = "$(TARGET_NAME)";
				SWIFT_EMIT_LOC_STRINGS = NO;
				SWIFT_VERSION = 5.0;
				TARGETED_DEVICE_FAMILY = "1,2";
				TEST_HOST = "$(BUILT_PRODUCTS_DIR)/JTransactions.app/$(BUNDLE_EXECUTABLE_FOLDER_PATH)/JTransactions";
			};
			name = Release;
		};
/* End XCBuildConfiguration section */

/* Begin XCConfigurationList section */
		1763929629BD34A1000CC5EB /* Build configuration list for PBXProject "JTransactions" */ = {
			isa = XCConfigurationList;
			buildConfigurations = (
				176392C329BD34A2000CC5EB /* Debug */,
				176392C429BD34A2000CC5EB /* Release */,
			);
			defaultConfigurationIsVisible = 0;
			defaultConfigurationName = Release;
		};
		176392C529BD34A2000CC5EB /* Build configuration list for PBXNativeTarget "JTransactions" */ = {
			isa = XCConfigurationList;
			buildConfigurations = (
				176392C629BD34A2000CC5EB /* Debug */,
				176392C729BD34A2000CC5EB /* Release */,
			);
			defaultConfigurationIsVisible = 0;
			defaultConfigurationName = Release;
		};
		176392C829BD34A2000CC5EB /* Build configuration list for PBXNativeTarget "JTransactionsTests" */ = {
			isa = XCConfigurationList;
			buildConfigurations = (
				176392C929BD34A2000CC5EB /* Debug */,
				176392CA29BD34A2000CC5EB /* Release */,
			);
			defaultConfigurationIsVisible = 0;
			defaultConfigurationName = Release;
		};
/* End XCConfigurationList section */
	};
	rootObject = 1763929329BD34A1000CC5EB /* Project object */;
}
